# This file is autogenerated, do not edit; changes may be undone by the next 'dep ensure'.


[[projects]]
  name = "github.com/russross/blackfriday"
  packages = ["."]
  revision = "cadec560ec52d93835bf2f15bd794700d3a2473b"
  version = "v2.0.0"

[[projects]]
  branch = "master"
  name = "github.com/shurcooL/sanitized_anchor_name"
  packages = ["."]
  revision = "541ff5ee47f1dddf6a5281af78307d921524bcb5"

[[projects]]
  branch = "master"
  name = "github.com/snabb/diagio"
  packages = ["."]
  revision = "0ef68e3dbf017308cfb79f64cbb19339e2bba549"

[[projects]]
  branch = "master"
  name = "github.com/snabb/sitemap"
  packages = ["."]
  revision = "036d02a8f10827316f0f031c0e4bde15024ae8f0"

[solve-meta]
  analyzer-name = "dep"
  analyzer-version = 1
  inputs-digest = "5928840d7bee17bcbbaf4644c70ad58506b41e5f149c48d09d773551fcf48994"
  solver-name = "gps-cdcl"
  solver-version = 1
